
Microsoft Visual Studio Solution File, Format Version 12.00
# Visual Studio Version 17
VisualStudioVersion = 17.7.34202.233
MinimumVisualStudioVersion = 10.0.40219.1
Project("{FAE04EC0-301F-11D3-BF4B-00C04F79EFBC}") = "Asztalfoglalas", "Asztalfoglalas.csproj", "{54E0872F-F37E-4051-8448-219EA897816B}"
EndProject
Global
	GlobalSection(SolutionConfigurationPlatforms) = preSolution
		Debug|Any CPU = Debug|Any CPU
		Release|Any CPU = Release|Any CPU
	EndGlobalSection
	GlobalSection(ProjectConfigurationPlatforms) = postSolution
		{54E0872F-F37E-4051-8448-219EA897816B}.Debug|Any CPU.ActiveCfg = Debug|Any CPU
		{54E0872F-F37E-4051-8448-219EA897816B}.Debug|Any CPU.Build.0 = Debug|Any CPU
		{54E0872F-F37E-4051-8448-219EA897816B}.Release|Any CPU.ActiveCfg = Release|Any CPU
		{54E0872F-F37E-4051-8448-219EA897816B}.Release|Any CPU.Build.0 = Release|Any CPU
	EndGlobalSection
	GlobalSection(SolutionProperties) = preSolution
		HideSolutionNode = FALSE
	EndGlobalSection
	GlobalSection(ExtensibilityGlobals) = postSolution
		SolutionGuid = {958475DC-C241-42B1-87C4-49B1C2EA756E}
	EndGlobalSection
EndGlobal
